
Microsoft Visual Studio Solution File, Format Version 12.00
# Visual Studio Version 16
VisualStudioVersion = 16.0.28803.352
MinimumVisualStudioVersion = 10.0.40219.1
Project("{FAE04EC0-301F-11D3-BF4B-00C04F79EFBC}") = "QueueSimulator", "QueueSimulator\QueueSimulator.csproj", "{DCF1C2E7-518F-43A5-8332-A9FA65C1193A}"
EndProject
Global
	GlobalSection(SolutionConfigurationPlatforms) = preSolution
		Debug|Any CPU = Debug|Any CPU
		Release|Any CPU = Release|Any CPU
	EndGlobalSection
	GlobalSection(ProjectConfigurationPlatforms) = postSolution
		{DCF1C2E7-518F-43A5-8332-A9FA65C1193A}.Debug|Any CPU.ActiveCfg = Debug|Any CPU
		{DCF1C2E7-518F-43A5-8332-A9FA65C1193A}.Debug|Any CPU.Build.0 = Debug|Any CPU
		{DCF1C2E7-518F-43A5-8332-A9FA65C1193A}.Release|Any CPU.ActiveCfg = Release|Any CPU
		{DCF1C2E7-518F-43A5-8332-A9FA65C1193A}.Release|Any CPU.Build.0 = Release|Any CPU
	EndGlobalSection
	GlobalSection(SolutionProperties) = preSolution
		HideSolutionNode = FALSE
	EndGlobalSection
	GlobalSection(ExtensibilityGlobals) = postSolution
		SolutionGuid = {9900120E-7297-4BB5-B737-9B665859A593}
	EndGlobalSection
EndGlobal
